
Microsoft Visual Studio Solution File, Format Version 12.00
# Visual Studio Version 16
VisualStudioVersion = 16.0.30711.63
MinimumVisualStudioVersion = 10.0.40219.1
Project("{FAE04EC0-301F-11D3-BF4B-00C04F79EFBC}") = "FallAPI", "FallAPI\FallAPI.csproj", "{6AAA7FA9-603D-4620-A21D-7769ACCF74C0}"
EndProject
Global
	GlobalSection(SolutionConfigurationPlatforms) = preSolution
		Debug|Any CPU = Debug|Any CPU
		Release|Any CPU = Release|Any CPU
	EndGlobalSection
	GlobalSection(ProjectConfigurationPlatforms) = postSolution
		{6AAA7FA9-603D-4620-A21D-7769ACCF74C0}.Debug|Any CPU.ActiveCfg = Debug|Any CPU
		{6AAA7FA9-603D-4620-A21D-7769ACCF74C0}.Debug|Any CPU.Build.0 = Debug|Any CPU
		{6AAA7FA9-603D-4620-A21D-7769ACCF74C0}.Release|Any CPU.ActiveCfg = Release|Any CPU
		{6AAA7FA9-603D-4620-A21D-7769ACCF74C0}.Release|Any CPU.Build.0 = Release|Any CPU
	EndGlobalSection
	GlobalSection(SolutionProperties) = preSolution
		HideSolutionNode = FALSE
	EndGlobalSection
	GlobalSection(ExtensibilityGlobals) = postSolution
		SolutionGuid = {00C8EB89-8497-4125-A830-465A1503C614}
	EndGlobalSection
EndGlobal
